
Microsoft Visual Studio Solution File, Format Version 12.00
# Visual Studio 14
VisualStudioVersion = 14.0.23107.0
MinimumVisualStudioVersion = 10.0.40219.1
Project("{FAE04EC0-301F-11D3-BF4B-00C04F79EFBC}") = "MyDashAPI", "MyDashAPI\MyDashAPI.csproj", "{C177F6EE-E7DB-4FA3-96A2-72CB04A98F68}"
EndProject
Project("{FAE04EC0-301F-11D3-BF4B-00C04F79EFBC}") = "MyDashDataAPI", "MyDashDataAPI\MyDashDataAPI.csproj", "{2226B17A-47F7-4F93-87B9-3BE23F30565B}"
EndProject
Project("{E24C65DC-7377-472B-9ABA-BC803B73C61A}") = "MyDashFE(1)", "MyDashFE\", "{92E5A41F-36DA-4494-B582-B05000587327}"
	ProjectSection(WebsiteProperties) = preProject
		TargetFrameworkMoniker = ".NETFramework,Version%3Dv4.5.2"
		Debug.AspNetCompiler.VirtualPath = "/localhost_52563"
		Debug.AspNetCompiler.PhysicalPath = "MyDashFE\"
		Debug.AspNetCompiler.TargetPath = "PrecompiledWeb\localhost_52563\"
		Debug.AspNetCompiler.Updateable = "true"
		Debug.AspNetCompiler.ForceOverwrite = "true"
		Debug.AspNetCompiler.FixedNames = "false"
		Debug.AspNetCompiler.Debug = "True"
		Release.AspNetCompiler.VirtualPath = "/localhost_52563"
		Release.AspNetCompiler.PhysicalPath = "MyDashFE\"
		Release.AspNetCompiler.TargetPath = "PrecompiledWeb\localhost_52563\"
		Release.AspNetCompiler.Updateable = "true"
		Release.AspNetCompiler.ForceOverwrite = "true"
		Release.AspNetCompiler.FixedNames = "false"
		Release.AspNetCompiler.Debug = "False"
		VWDPort = "52563"
		SlnRelativePath = "MyDashFE\"
	EndProjectSection
EndProject
Global
	GlobalSection(SolutionConfigurationPlatforms) = preSolution
		Debug|Any CPU = Debug|Any CPU
		Release|Any CPU = Release|Any CPU
	EndGlobalSection
	GlobalSection(ProjectConfigurationPlatforms) = postSolution
		{C177F6EE-E7DB-4FA3-96A2-72CB04A98F68}.Debug|Any CPU.ActiveCfg = Debug|Any CPU
		{C177F6EE-E7DB-4FA3-96A2-72CB04A98F68}.Debug|Any CPU.Build.0 = Debug|Any CPU
		{C177F6EE-E7DB-4FA3-96A2-72CB04A98F68}.Release|Any CPU.ActiveCfg = Release|Any CPU
		{C177F6EE-E7DB-4FA3-96A2-72CB04A98F68}.Release|Any CPU.Build.0 = Release|Any CPU
		{2226B17A-47F7-4F93-87B9-3BE23F30565B}.Debug|Any CPU.ActiveCfg = Debug|Any CPU
		{2226B17A-47F7-4F93-87B9-3BE23F30565B}.Debug|Any CPU.Build.0 = Debug|Any CPU
		{2226B17A-47F7-4F93-87B9-3BE23F30565B}.Release|Any CPU.ActiveCfg = Release|Any CPU
		{2226B17A-47F7-4F93-87B9-3BE23F30565B}.Release|Any CPU.Build.0 = Release|Any CPU
		{92E5A41F-36DA-4494-B582-B05000587327}.Debug|Any CPU.ActiveCfg = Debug|Any CPU
		{92E5A41F-36DA-4494-B582-B05000587327}.Debug|Any CPU.Build.0 = Debug|Any CPU
		{92E5A41F-36DA-4494-B582-B05000587327}.Release|Any CPU.ActiveCfg = Debug|Any CPU
		{92E5A41F-36DA-4494-B582-B05000587327}.Release|Any CPU.Build.0 = Debug|Any CPU
	EndGlobalSection
	GlobalSection(SolutionProperties) = preSolution
		HideSolutionNode = FALSE
	EndGlobalSection
EndGlobal
